
Microsoft Visual Studio Solution File, Format Version 12.00
# Visual Studio Version 17
VisualStudioVersion = 17.14.36429.23
MinimumVisualStudioVersion = 10.0.40219.1
Project("{888888A0-9F3D-457C-B088-3A5042F75D52}") = "TurtleWireframe", "TurtleWireframe.pyproj", "{447EC130-0599-4EBC-AEFD-0428F340C16C}"
EndProject
Global
	GlobalSection(SolutionConfigurationPlatforms) = preSolution
		Debug|Any CPU = Debug|Any CPU
		Release|Any CPU = Release|Any CPU
	EndGlobalSection
	GlobalSection(ProjectConfigurationPlatforms) = postSolution
		{447EC130-0599-4EBC-AEFD-0428F340C16C}.Debug|Any CPU.ActiveCfg = Debug|Any CPU
		{447EC130-0599-4EBC-AEFD-0428F340C16C}.Release|Any CPU.ActiveCfg = Release|Any CPU
	EndGlobalSection
	GlobalSection(SolutionProperties) = preSolution
		HideSolutionNode = FALSE
	EndGlobalSection
	GlobalSection(ExtensibilityGlobals) = postSolution
		SolutionGuid = {86434F79-B6C3-4C81-960A-7A494B5EF9DD}
	EndGlobalSection
EndGlobal
